// !$*UTF8*$!
{
	archiveVersion = 1;
	classes = {
	};
	objectVersion = 50;
	objects = {

/* Begin PBXBuildFile section */
		AB2C9DEF21E7D12100E99D8C /* AppDelegate.swift in Sources */ = {isa = PBXBuildFile; fileRef = AB2C9DEE21E7D12100E99D8C /* AppDelegate.swift */; };
		AB2C9DF121E7D12100E99D8C /* ViewController.swift in Sources */ = {isa = PBXBuildFile; fileRef = AB2C9DF021E7D12100E99D8C /* ViewController.swift */; };
		AB2C9DF421E7D12100E99D8C /* Main.storyboard in Resources */ = {isa = PBXBuildFile; fileRef = AB2C9DF221E7D12100E99D8C /* Main.storyboard */; };
		AB2C9DF621E7D12300E99D8C /* Assets.xcassets in Resources */ = {isa = PBXBuildFile; fileRef = AB2C9DF521E7D12300E99D8C /* Assets.xcassets */; };
		AB2C9DF921E7D12300E99D8C /* LaunchScreen.storyboard in Resources */ = {isa = PBXBuildFile; fileRef = AB2C9DF721E7D12300E99D8C /* LaunchScreen.storyboard */; };
/* End PBXBuildFile section */

/* Begin PBXFileReference section */
		AB2C9DEB21E7D12100E99D8C /* GlobalImpactLauren.app */ = {isa = PBXFileReference; explicitFileType = wrapper.application; includeInIndex = 0; path = GlobalImpactLauren.app; sourceTree = BUILT_PRODUCTS_DIR; };
		AB2C9DEE21E7D12100E99D8C /* AppDelegate.swift */ = {isa = PBXFileReference; lastKnownFileType = sourcecode.swift; path = AppDelegate.swift; sourceTree = "<group>"; };
		AB2C9DF021E7D12100E99D8C /* ViewController.swift */ = {isa = PBXFileReference; lastKnownFileType = sourcecode.swift; path = ViewController.swift; sourceTree = "<group>"; };
		AB2C9DF321E7D12100E99D8C /* Base */ = {isa = PBXFileReference; lastKnownFileType = file.storyboard; name = Base; path = Base.lproj/Main.storyboard; sourceTree = "<group>"; };
		AB2C9DF521E7D12300E99D8C /* Assets.xcassets */ = {isa = PBXFileReference; lastKnownFileType = folder.assetcatalog; path = Assets.xcassets; sourceTree = "<group>"; };
		AB2C9DF821E7D12300E99D8C /* Base */ = {isa = PBXFileReference; lastKnownFileType = file.storyboard; name = Base; path = Base.lproj/LaunchScreen.storyboard; sourceTree = "<group>"; };
		AB2C9DFA21E7D12300E99D8C /* Info.plist */ = {isa = PBXFileReference; lastKnownFileType = text.plist.xml; path = Info.plist; sourceTree = "<group>"; };
/* End PBXFileReference section */

/* Begin PBXFrameworksBuildPhase section */
		AB2C9DE821E7D12100E99D8C /* Frameworks */ = {
			isa = PBXFrameworksBuildPhase;
			buildActionMask = 2147483647;
			files = (
			);
			runOnlyForDeploymentPostprocessing = 0;
		};
/* End PBXFrameworksBuildPhase section */

/* Begin PBXGroup section */
		AB2C9DE221E7D12100E99D8C = {
			isa = PBXGroup;
			children = (
				AB2C9DED21E7D12100E99D8C /* GlobalImpactLauren */,
				AB2C9DEC21E7D12100E99D8C /* Products */,
			);
			sourceTree = "<group>";
		};
		AB2C9DEC21E7D12100E99D8C /* Products */ = {
			isa = PBXGroup;
			children = (
				AB2C9DEB21E7D12100E99D8C /* GlobalImpactLauren.app */,
			);
			name = Products;
			sourceTree = "<group>";
		};
		AB2C9DED21E7D12100E99D8C /* GlobalImpactLauren */ = {
			isa = PBXGroup;
			children = (
				AB2C9DEE21E7D12100E99D8C /* AppDelegate.swift */,
				AB2C9DF021E7D12100E99D8C /* ViewController.swift */,
				AB2C9DF221E7D12100E99D8C /* Main.storyboard */,
				AB2C9DF521E7D12300E99D8C /* Assets.xcassets */,
				AB2C9DF721E7D12300E99D8C /* LaunchScreen.storyboard */,
				AB2C9DFA21E7D12300E99D8C /* Info.plist */,
			);
			path = GlobalImpactLauren;
			sourceTree = "<group>";
		};
/* End PBXGroup section */

/* Begin PBXNativeTarget section */
		AB2C9DEA21E7D12100E99D8C /* GlobalImpactLauren */ = {
			isa = PBXNativeTarget;
			buildConfigurationList = AB2C9DFD21E7D12300E99D8C /* Build configuration list for PBXNativeTarget "GlobalImpactLauren" */;
			buildPhases = (
				AB2C9DE721E7D12100E99D8C /* Sources */,
				AB2C9DE821E7D12100E99D8C /* Frameworks */,
				AB2C9DE921E7D12100E99D8C /* Resources */,
			);
			buildRules = (
			);
			dependencies = (
			);
			name = GlobalImpactLauren;
			productName = GlobalImpactLauren;
			productReference = AB2C9DEB21E7D12100E99D8C /* GlobalImpactLauren.app */;
			productType = "com.apple.product-type.application";
		};
/* End PBXNativeTarget section */

/* Begin PBXProject section */
		AB2C9DE321E7D12100E99D8C /* Project object */ = {
			isa = PBXProject;
			attributes = {
				LastSwiftUpdateCheck = 1000;
				LastUpgradeCheck = 1000;
				ORGANIZATIONNAME = "Davis, Lauren";
				TargetAttributes = {
					AB2C9DEA21E7D12100E99D8C = {
						CreatedOnToolsVersion = 10.0;
					};
				};
			};
			buildConfigurationList = AB2C9DE621E7D12100E99D8C /* Build configuration list for PBXProject "GlobalImpactLauren" */;
			compatibilityVersion = "Xcode 9.3";
			developmentRegion = en;
			hasScannedForEncodings = 0;
			knownRegions = (
				en,
				Base,
			);
			mainGroup = AB2C9DE221E7D12100E99D8C;
			productRefGroup = AB2C9DEC21E7D12100E99D8C /* Products */;
			projectDirPath = "";
			projectRoot = "";
			targets = (
				AB2C9DEA21E7D12100E99D8C /* GlobalImpactLauren */,
			);
		};
/* End PBXProject section */

/* Begin PBXResourcesBuildPhase section */
		AB2C9DE921E7D12100E99D8C /* Resources */ = {
			isa = PBXResourcesBuildPhase;
			buildActionMask = 2147483647;
			files = (
				AB2C9DF921E7D12300E99D8C /* LaunchScreen.storyboard in Resources */,
				AB2C9DF621E7D12300E99D8C /* Assets.xcassets in Resources */,
				AB2C9DF421E7D12100E99D8C /* Main.storyboard in Resources */,
			);
			runOnlyForDeploymentPostprocessing = 0;
		};
/* End PBXResourcesBuildPhase section */

/* Begin PBXSourcesBuildPhase section */
		AB2C9DE721E7D12100E99D8C /* Sources */ = {
			isa = PBXSourcesBuildPhase;
			buildActionMask = 2147483647;
			files = (
				AB2C9DF121E7D12100E99D8C /* ViewController.swift in Sources */,
				AB2C9DEF21E7D12100E99D8C /* AppDelegate.swift in Sources */,
			);
			runOnlyForDeploymentPostprocessing = 0;
		};
/* End PBXSourcesBuildPhase section */

/* Begin PBXVariantGroup section */
		AB2C9DF221E7D12100E99D8C /* Main.storyboard */ = {
			isa = PBXVariantGroup;
			children = (
				AB2C9DF321E7D12100E99D8C /* Base */,
			);
			name = Main.storyboard;
			sourceTree = "<group>";
		};
		AB2C9DF721E7D12300E99D8C /* LaunchScreen.storyboard */ = {
			isa = PBXVariantGroup;
			children = (
				AB2C9DF821E7D12300E99D8C /* Base */,
			);
			name = LaunchScreen.storyboard;
			sourceTree = "<group>";
		};
/* End PBXVariantGroup section */

/* Begin XCBuildConfiguration section */
		AB2C9DFB21E7D12300E99D8C /* Debug */ = {
			isa = XCBuildConfiguration;
			buildSettings = {
				ALWAYS_SEARCH_USER_PATHS = NO;
				CLANG_ANALYZER_NONNULL = YES;
				CLANG_ANALYZER_NUMBER_OBJECT_CONVERSION = YES_AGGRESSIVE;
				CLANG_CXX_LANGUAGE_STANDARD = "gnu++14";
				CLANG_CXX_LIBRARY = "libc++";
				CLANG_ENABLE_MODULES = YES;
				CLANG_ENABLE_OBJC_ARC = YES;
				CLANG_ENABLE_OBJC_WEAK = YES;
				CLANG_WARN_BLOCK_CAPTURE_AUTORELEASING = YES;
				CLANG_WARN_BOOL_CONVERSION = YES;
				CLANG_WARN_COMMA = YES;
				CLANG_WARN_CONSTANT_CONVERSION = YES;
				CLANG_WARN_DEPRECATED_OBJC_IMPLEMENTATIONS = YES;
				CLANG_WARN_DIRECT_OBJC_ISA_USAGE = YES_ERROR;
				CLANG_WARN_DOCUMENTATION_COMMENTS = YES;
				CLANG_WARN_EMPTY_BODY = YES;
				CLANG_WARN_ENUM_CONVERSION = YES;
				CLANG_WARN_INFINITE_RECURSION = YES;
				CLANG_WARN_INT_CONVERSION = YES;
				CLANG_WARN_NON_LITERAL_NULL_CONVERSION = YES;
				CLANG_WARN_OBJC_IMPLICIT_RETAIN_SELF = YES;
				CLANG_WARN_OBJC_LITERAL_CONVERSION = YES;
				CLANG_WARN_OBJC_ROOT_CLASS = YES_ERROR;
				CLANG_WARN_RANGE_LOOP_ANALYSIS = YES;
				CLANG_WARN_STRICT_PROTOTYPES = YES;
				CLANG_WARN_SUSPICIOUS_MOVE = YES;
				CLANG_WARN_UNGUARDED_AVAILABILITY = YES_AGGRESSIVE;
				CLANG_WARN_UNREACHABLE_CODE = YES;
				CLANG_WARN__DUPLICATE_METHOD_MATCH = YES;
				CODE_SIGN_IDENTITY = "iPhone Developer";
				COPY_PHASE_STRIP = NO;
				DEBUG_INFORMATION_FORMAT = dwarf;
				ENABLE_STRICT_OBJC_MSGSEND = YES;
				ENABLE_TESTABILITY = YES;
				GCC_C_LANGUAGE_STANDARD = gnu11;
				GCC_DYNAMIC_NO_PIC = NO;
				GCC_NO_COMMON_BLOCKS = YES;
				GCC_OPTIMIZATION_LEVEL = 0;
				GCC_PREPROCESSOR_DEFINITIONS = (
					"DEBUG=1",
					"$(inherited)",
				);
				GCC_WARN_64_TO_32_BIT_CONVERSION = YES;
				GCC_WARN_ABOUT_RETURN_TYPE = YES_ERROR;
				GCC_WARN_UNDECLARED_SELECTOR = YES;
				GCC_WARN_UNINITIALIZED_AUTOS = YES_AGGRESSIVE;
				GCC_WARN_UNUSED_FUNCTION = YES;
				GCC_WARN_UNUSED_VARIABLE = YES;
				IPHONEOS_DEPLOYMENT_TARGET = 12.0;
				MTL_ENABLE_DEBUG_INFO = INCLUDE_SOURCE;
				MTL_FAST_MATH = YES;
				ONLY_ACTIVE_ARCH = YES;
				SDKROOT = iphoneos;
				SWIFT_ACTIVE_COMPILATION_CONDITIONS = DEBUG;
				SWIFT_OPTIMIZATION_LEVEL = "-Onone";
			};
			name = Debug;
		};
		AB2C9DFC21E7D12300E99D8C /* Release */ = {
			isa = XCBuildConfiguration;
			buildSettings = {
				ALWAYS_SEARCH_USER_PATHS = NO;
				CLANG_ANALYZER_NONNULL = YES;
				CLANG_ANALYZER_NUMBER_OBJECT_CONVERSION = YES_AGGRESSIVE;
				CLANG_CXX_LANGUAGE_STANDARD = "gnu++14";
				CLANG_CXX_LIBRARY = "libc++";
				CLANG_ENABLE_MODULES = YES;
				CLANG_ENABLE_OBJC_ARC = YES;
				CLANG_ENABLE_OBJC_WEAK = YES;
				CLANG_WARN_BLOCK_CAPTURE_AUTORELEASING = YES;
				CLANG_WARN_BOOL_CONVERSION = YES;
				CLANG_WARN_COMMA = YES;
				CLANG_WARN_CONSTANT_CONVERSION = YES;
				CLANG_WARN_DEPRECATED_OBJC_IMPLEMENTATIONS = YES;
				CLANG_WARN_DIRECT_OBJC_ISA_USAGE = YES_ERROR;
				CLANG_WARN_DOCUMENTATION_COMMENTS = YES;
				CLANG_WARN_EMPTY_BODY = YES;
				CLANG_WARN_ENUM_CONVERSION = YES;
				CLANG_WARN_INFINITE_RECURSION = YES;
				CLANG_WARN_INT_CONVERSION = YES;
				CLANG_WARN_NON_LITERAL_NULL_CONVERSION = YES;
				CLANG_WARN_OBJC_IMPLICIT_RETAIN_SELF = YES;
				CLANG_WARN_OBJC_LITERAL_CONVERSION = YES;
				CLANG_WARN_OBJC_ROOT_CLASS = YES_ERROR;
				CLANG_WARN_RANGE_LOOP_ANALYSIS = YES;
				CLANG_WARN_STRICT_PROTOTYPES = YES;
				CLANG_WARN_SUSPICIOUS_MOVE = YES;
				CLANG_WARN_UNGUARDED_AVAILABILITY = YES_AGGRESSIVE;
				CLANG_WARN_UNREACHABLE_CODE = YES;
				CLANG_WARN__DUPLICATE_METHOD_MATCH = YES;
				CODE_SIGN_IDENTITY = "iPhone Developer";
				COPY_PHASE_STRIP = NO;
				DEBUG_INFORMATION_FORMAT = "dwarf-with-dsym";
				ENABLE_NS_ASSERTIONS = NO;
				ENABLE_STRICT_OBJC_MSGSEND = YES;
				GCC_C_LANGUAGE_STANDARD = gnu11;
				GCC_NO_COMMON_BLOCKS = YES;
				GCC_WARN_64_TO_32_BIT_CONVERSION = YES;
				GCC_WARN_ABOUT_RETURN_TYPE = YES_ERROR;
				GCC_WARN_UNDECLARED_SELECTOR = YES;
				GCC_WARN_UNINITIALIZED_AUTOS = YES_AGGRESSIVE;
				GCC_WARN_UNUSED_FUNCTION = YES;
				GCC_WARN_UNUSED_VARIABLE = YES;
				IPHONEOS_DEPLOYMENT_TARGET = 12.0;
				MTL_ENABLE_DEBUG_INFO = NO;
				MTL_FAST_MATH = YES;
				SDKROOT = iphoneos;
				SWIFT_COMPILATION_MODE = wholemodule;
				SWIFT_OPTIMIZATION_LEVEL = "-O";
				VALIDATE_PRODUCT = YES;
			};
			name = Release;
		};
		AB2C9DFE21E7D12300E99D8C /* Debug */ = {
			isa = XCBuildConfiguration;
			buildSettings = {
				ASSETCATALOG_COMPILER_APPICON_NAME = AppIcon;
				CODE_SIGN_STYLE = Automatic;
				INFOPLIST_FILE = GlobalImpactLauren/Info.plist;
				LD_RUNPATH_SEARCH_PATHS = (
					"$(inherited)",
					"@executable_path/Frameworks",
				);
				PRODUCT_BUNDLE_IDENTIFIER = CTEC.GlobalImpactLauren;
				PRODUCT_NAME = "$(TARGET_NAME)";
				SWIFT_VERSION = 4.2;
				TARGETED_DEVICE_FAMILY = "1,2";
			};
			name = Debug;
		};
		AB2C9DFF21E7D12300E99D8C /* Release */ = {
			isa = XCBuildConfiguration;
			buildSettings = {
				ASSETCATALOG_COMPILER_APPICON_NAME = AppIcon;
				CODE_SIGN_STYLE = Automatic;
				INFOPLIST_FILE = GlobalImpactLauren/Info.plist;
				LD_RUNPATH_SEARCH_PATHS = (
					"$(inherited)",
					"@executable_path/Frameworks",
				);
				PRODUCT_BUNDLE_IDENTIFIER = CTEC.GlobalImpactLauren;
				PRODUCT_NAME = "$(TARGET_NAME)";
				SWIFT_VERSION = 4.2;
				TARGETED_DEVICE_FAMILY = "1,2";
			};
			name = Release;
		};
/* End XCBuildConfiguration section */

/* Begin XCConfigurationList section */
		AB2C9DE621E7D12100E99D8C /* Build configuration list for PBXProject "GlobalImpactLauren" */ = {
			isa = XCConfigurationList;
			buildConfigurations = (
				AB2C9DFB21E7D12300E99D8C /* Debug */,
				AB2C9DFC21E7D12300E99D8C /* Release */,
			);
			defaultConfigurationIsVisible = 0;
			defaultConfigurationName = Release;
		};
		AB2C9DFD21E7D12300E99D8C /* Build configuration list for PBXNativeTarget "GlobalImpactLauren" */ = {
			isa = XCConfigurationList;
			buildConfigurations = (
				AB2C9DFE21E7D12300E99D8C /* Debug */,
				AB2C9DFF21E7D12300E99D8C /* Release */,
			);
			defaultConfigurationIsVisible = 0;
			defaultConfigurationName = Release;
		};
/* End XCConfigurationList section */
	};
	rootObject = AB2C9DE321E7D12100E99D8C /* Project object */;
}
